schema: 1
standards-version: '218'
applied: '2026-06-03T23:18:51.033467Z'
files:
  .gitignore:
    tier: tracked-block
    template-sha: sha256:cb6eae8aac140a128fcc5bdc2949919776c7c84249b91eb085a3b7e62b9efaac
    applied-sha: sha256:cb6eae8aac140a128fcc5bdc2949919776c7c84249b91eb085a3b7e62b9efaac
  README.md:
    tier: tracked-block
    template-sha: sha256:f35d94f35bcaf8ccad88be7b48866bf54a44b9fc2f40eaeab0b466b67b1a0ff7
    applied-sha: sha256:f35d94f35bcaf8ccad88be7b48866bf54a44b9fc2f40eaeab0b466b67b1a0ff7
